dependencies:
- name: postgresql
  repository: https://kubernetes-charts.storage.googleapis.com/
  version: 8.6.1
- name: redis
  repository: https://kubernetes-charts.storage.googleapis.com/
  version: 9.3.2
digest: sha256:5da8de31f8a3fef2ad23ca867856520b47ae94533a19b66d5fde6cf895e05021
generated: "2020-04-13T11:24:57.240442+02:00"
